
Microsoft Visual Studio Solution File, Format Version 12.00
# Visual Studio 15
VisualStudioVersion = 15.0.28107.0
MinimumVisualStudioVersion = 10.0.40219.1
Project("{2150E333-8FDC-42A3-9474-1A3956D46DE8}") = "Solution Items", "Solution Items", "{9EED52A0-0239-4D3D-961A-C7823743936D}"
	ProjectSection(SolutionItems) = preProject
		azure-pipelines.yml = azure-pipelines.yml
		readme.md = readme.md
		version.json = version.json
	EndProjectSection
EndProject
Project("{2150E333-8FDC-42A3-9474-1A3956D46DE8}") = "Samples", "Samples", "{CFA327A3-424F-4D21-B52E-6C6E3C7144ED}"
EndProject
Project("{2150E333-8FDC-42A3-9474-1A3956D46DE8}") = "Tests", "Tests", "{D71DDAC4-FA8F-461B-A986-F2C1916FE839}"
EndProject
Project("{9A19103F-16F7-4668-BE54-9A1E7A4F7556}") = "MiFare.Desktop.Tests", "tests\MiFare.Desktop.Tests\MiFare.Desktop.Tests.csproj", "{A434FDCA-372B-4587-BC71-4A0A9688E9D9}"
EndProject
Project("{FAE04EC0-301F-11D3-BF4B-00C04F79EFBC}") = "MiFareReader.Desktop", "samples\MiFareReader.Desktop\MiFareReader.Desktop.csproj", "{B279245D-E0C8-4EB4-9DAA-BB0715C3FCC8}"
EndProject
Project("{2150E333-8FDC-42A3-9474-1A3956D46DE8}") = "Reader", "Reader", "{97CB5050-D82F-459E-BCA4-E20C84DA2716}"
EndProject
Project("{FAE04EC0-301F-11D3-BF4B-00C04F79EFBC}") = "MiFareReader.UWP", "samples\MiFareReader.UWP\MiFareReader.UWP.csproj", "{30EF50F5-6827-4A3B-BBAC-640E8A88FA2C}"
EndProject
Project("{FAE04EC0-301F-11D3-BF4B-00C04F79EFBC}") = "MiFare.UWP.Tests", "tests\MiFare.UWP.Tests\MiFare.UWP.Tests.csproj", "{822F8356-7090-41FB-8FD9-0DB8D480172A}"
EndProject
Project("{FAE04EC0-301F-11D3-BF4B-00C04F79EFBC}") = "MiFare", "src\MiFare\MiFare.csproj", "{3AC4C50E-97EE-49C5-8B74-1BF9DBC9D21B}"
EndProject
Global
	GlobalSection(SolutionConfigurationPlatforms) = preSolution
		Debug|Any CPU = Debug|Any CPU
		Debug|ARM = Debug|ARM
		Debug|x64 = Debug|x64
		Debug|x86 = Debug|x86
		Release|Any CPU = Release|Any CPU
		Release|ARM = Release|ARM
		Release|x64 = Release|x64
		Release|x86 = Release|x86
	EndGlobalSection
	GlobalSection(ProjectConfigurationPlatforms) = postSolution
		{A434FDCA-372B-4587-BC71-4A0A9688E9D9}.Debug|Any CPU.ActiveCfg = Debug|Any CPU
		{A434FDCA-372B-4587-BC71-4A0A9688E9D9}.Debug|Any CPU.Build.0 = Debug|Any CPU
		{A434FDCA-372B-4587-BC71-4A0A9688E9D9}.Debug|ARM.ActiveCfg = Debug|Any CPU
		{A434FDCA-372B-4587-BC71-4A0A9688E9D9}.Debug|ARM.Build.0 = Debug|Any CPU
		{A434FDCA-372B-4587-BC71-4A0A9688E9D9}.Debug|x64.ActiveCfg = Debug|Any CPU
		{A434FDCA-372B-4587-BC71-4A0A9688E9D9}.Debug|x64.Build.0 = Debug|Any CPU
		{A434FDCA-372B-4587-BC71-4A0A9688E9D9}.Debug|x86.ActiveCfg = Debug|Any CPU
		{A434FDCA-372B-4587-BC71-4A0A9688E9D9}.Debug|x86.Build.0 = Debug|Any CPU
		{A434FDCA-372B-4587-BC71-4A0A9688E9D9}.Release|Any CPU.ActiveCfg = Release|Any CPU
		{A434FDCA-372B-4587-BC71-4A0A9688E9D9}.Release|Any CPU.Build.0 = Release|Any CPU
		{A434FDCA-372B-4587-BC71-4A0A9688E9D9}.Release|ARM.ActiveCfg = Release|Any CPU
		{A434FDCA-372B-4587-BC71-4A0A9688E9D9}.Release|ARM.Build.0 = Release|Any CPU
		{A434FDCA-372B-4587-BC71-4A0A9688E9D9}.Release|x64.ActiveCfg = Release|Any CPU
		{A434FDCA-372B-4587-BC71-4A0A9688E9D9}.Release|x64.Build.0 = Release|Any CPU
		{A434FDCA-372B-4587-BC71-4A0A9688E9D9}.Release|x86.ActiveCfg = Release|Any CPU
		{A434FDCA-372B-4587-BC71-4A0A9688E9D9}.Release|x86.Build.0 = Release|Any CPU
		{B279245D-E0C8-4EB4-9DAA-BB0715C3FCC8}.Debug|Any CPU.ActiveCfg = Debug|Any CPU
		{B279245D-E0C8-4EB4-9DAA-BB0715C3FCC8}.Debug|Any CPU.Build.0 = Debug|Any CPU
		{B279245D-E0C8-4EB4-9DAA-BB0715C3FCC8}.Debug|ARM.ActiveCfg = Debug|Any CPU
		{B279245D-E0C8-4EB4-9DAA-BB0715C3FCC8}.Debug|ARM.Build.0 = Debug|Any CPU
		{B279245D-E0C8-4EB4-9DAA-BB0715C3FCC8}.Debug|x64.ActiveCfg = Debug|Any CPU
		{B279245D-E0C8-4EB4-9DAA-BB0715C3FCC8}.Debug|x64.Build.0 = Debug|Any CPU
		{B279245D-E0C8-4EB4-9DAA-BB0715C3FCC8}.Debug|x86.ActiveCfg = Debug|Any CPU
		{B279245D-E0C8-4EB4-9DAA-BB0715C3FCC8}.Debug|x86.Build.0 = Debug|Any CPU
		{B279245D-E0C8-4EB4-9DAA-BB0715C3FCC8}.Release|Any CPU.ActiveCfg = Release|Any CPU
		{B279245D-E0C8-4EB4-9DAA-BB0715C3FCC8}.Release|Any CPU.Build.0 = Release|Any CPU
		{B279245D-E0C8-4EB4-9DAA-BB0715C3FCC8}.Release|ARM.ActiveCfg = Release|Any CPU
		{B279245D-E0C8-4EB4-9DAA-BB0715C3FCC8}.Release|ARM.Build.0 = Release|Any CPU
		{B279245D-E0C8-4EB4-9DAA-BB0715C3FCC8}.Release|x64.ActiveCfg = Release|Any CPU
		{B279245D-E0C8-4EB4-9DAA-BB0715C3FCC8}.Release|x64.Build.0 = Release|Any CPU
		{B279245D-E0C8-4EB4-9DAA-BB0715C3FCC8}.Release|x86.ActiveCfg = Release|Any CPU
		{B279245D-E0C8-4EB4-9DAA-BB0715C3FCC8}.Release|x86.Build.0 = Release|Any CPU
		{30EF50F5-6827-4A3B-BBAC-640E8A88FA2C}.Debug|Any CPU.ActiveCfg = Debug|x86
		{30EF50F5-6827-4A3B-BBAC-640E8A88FA2C}.Debug|ARM.ActiveCfg = Debug|ARM
		{30EF50F5-6827-4A3B-BBAC-640E8A88FA2C}.Debug|ARM.Build.0 = Debug|ARM
		{30EF50F5-6827-4A3B-BBAC-640E8A88FA2C}.Debug|ARM.Deploy.0 = Debug|ARM
		{30EF50F5-6827-4A3B-BBAC-640E8A88FA2C}.Debug|x64.ActiveCfg = Debug|x64
		{30EF50F5-6827-4A3B-BBAC-640E8A88FA2C}.Debug|x64.Build.0 = Debug|x64
		{30EF50F5-6827-4A3B-BBAC-640E8A88FA2C}.Debug|x64.Deploy.0 = Debug|x64
		{30EF50F5-6827-4A3B-BBAC-640E8A88FA2C}.Debug|x86.ActiveCfg = Debug|x86
		{30EF50F5-6827-4A3B-BBAC-640E8A88FA2C}.Debug|x86.Build.0 = Debug|x86
		{30EF50F5-6827-4A3B-BBAC-640E8A88FA2C}.Debug|x86.Deploy.0 = Debug|x86
		{30EF50F5-6827-4A3B-BBAC-640E8A88FA2C}.Release|Any CPU.ActiveCfg = Release|x86
		{30EF50F5-6827-4A3B-BBAC-640E8A88FA2C}.Release|ARM.ActiveCfg = Release|ARM
		{30EF50F5-6827-4A3B-BBAC-640E8A88FA2C}.Release|ARM.Build.0 = Release|ARM
		{30EF50F5-6827-4A3B-BBAC-640E8A88FA2C}.Release|ARM.Deploy.0 = Release|ARM
		{30EF50F5-6827-4A3B-BBAC-640E8A88FA2C}.Release|x64.ActiveCfg = Release|x64
		{30EF50F5-6827-4A3B-BBAC-640E8A88FA2C}.Release|x64.Build.0 = Release|x64
		{30EF50F5-6827-4A3B-BBAC-640E8A88FA2C}.Release|x64.Deploy.0 = Release|x64
		{30EF50F5-6827-4A3B-BBAC-640E8A88FA2C}.Release|x86.ActiveCfg = Release|x86
		{30EF50F5-6827-4A3B-BBAC-640E8A88FA2C}.Release|x86.Build.0 = Release|x86
		{30EF50F5-6827-4A3B-BBAC-640E8A88FA2C}.Release|x86.Deploy.0 = Release|x86
		{822F8356-7090-41FB-8FD9-0DB8D480172A}.Debug|Any CPU.ActiveCfg = Debug|x86
		{822F8356-7090-41FB-8FD9-0DB8D480172A}.Debug|ARM.ActiveCfg = Debug|ARM
		{822F8356-7090-41FB-8FD9-0DB8D480172A}.Debug|ARM.Build.0 = Debug|ARM
		{822F8356-7090-41FB-8FD9-0DB8D480172A}.Debug|ARM.Deploy.0 = Debug|ARM
		{822F8356-7090-41FB-8FD9-0DB8D480172A}.Debug|x64.ActiveCfg = Debug|x64
		{822F8356-7090-41FB-8FD9-0DB8D480172A}.Debug|x64.Build.0 = Debug|x64
		{822F8356-7090-41FB-8FD9-0DB8D480172A}.Debug|x64.Deploy.0 = Debug|x64
		{822F8356-7090-41FB-8FD9-0DB8D480172A}.Debug|x86.ActiveCfg = Debug|x86
		{822F8356-7090-41FB-8FD9-0DB8D480172A}.Debug|x86.Build.0 = Debug|x86
		{822F8356-7090-41FB-8FD9-0DB8D480172A}.Debug|x86.Deploy.0 = Debug|x86
		{822F8356-7090-41FB-8FD9-0DB8D480172A}.Release|Any CPU.ActiveCfg = Release|x86
		{822F8356-7090-41FB-8FD9-0DB8D480172A}.Release|ARM.ActiveCfg = Release|ARM
		{822F8356-7090-41FB-8FD9-0DB8D480172A}.Release|ARM.Build.0 = Release|ARM
		{822F8356-7090-41FB-8FD9-0DB8D480172A}.Release|ARM.Deploy.0 = Release|ARM
		{822F8356-7090-41FB-8FD9-0DB8D480172A}.Release|x64.ActiveCfg = Release|x64
		{822F8356-7090-41FB-8FD9-0DB8D480172A}.Release|x64.Build.0 = Release|x64
		{822F8356-7090-41FB-8FD9-0DB8D480172A}.Release|x64.Deploy.0 = Release|x64
		{822F8356-7090-41FB-8FD9-0DB8D480172A}.Release|x86.ActiveCfg = Release|x86
		{822F8356-7090-41FB-8FD9-0DB8D480172A}.Release|x86.Build.0 = Release|x86
		{822F8356-7090-41FB-8FD9-0DB8D480172A}.Release|x86.Deploy.0 = Release|x86
		{3AC4C50E-97EE-49C5-8B74-1BF9DBC9D21B}.Debug|Any CPU.ActiveCfg = Debug|Any CPU
		{3AC4C50E-97EE-49C5-8B74-1BF9DBC9D21B}.Debug|Any CPU.Build.0 = Debug|Any CPU
		{3AC4C50E-97EE-49C5-8B74-1BF9DBC9D21B}.Debug|ARM.ActiveCfg = Debug|Any CPU
		{3AC4C50E-97EE-49C5-8B74-1BF9DBC9D21B}.Debug|ARM.Build.0 = Debug|Any CPU
		{3AC4C50E-97EE-49C5-8B74-1BF9DBC9D21B}.Debug|x64.ActiveCfg = Debug|Any CPU
		{3AC4C50E-97EE-49C5-8B74-1BF9DBC9D21B}.Debug|x64.Build.0 = Debug|Any CPU
		{3AC4C50E-97EE-49C5-8B74-1BF9DBC9D21B}.Debug|x86.ActiveCfg = Debug|Any CPU
		{3AC4C50E-97EE-49C5-8B74-1BF9DBC9D21B}.Debug|x86.Build.0 = Debug|Any CPU
		{3AC4C50E-97EE-49C5-8B74-1BF9DBC9D21B}.Release|Any CPU.ActiveCfg = Release|Any CPU
		{3AC4C50E-97EE-49C5-8B74-1BF9DBC9D21B}.Release|Any CPU.Build.0 = Release|Any CPU
		{3AC4C50E-97EE-49C5-8B74-1BF9DBC9D21B}.Release|ARM.ActiveCfg = Release|Any CPU
		{3AC4C50E-97EE-49C5-8B74-1BF9DBC9D21B}.Release|ARM.Build.0 = Release|Any CPU
		{3AC4C50E-97EE-49C5-8B74-1BF9DBC9D21B}.Release|x64.ActiveCfg = Release|Any CPU
		{3AC4C50E-97EE-49C5-8B74-1BF9DBC9D21B}.Release|x64.Build.0 = Release|Any CPU
		{3AC4C50E-97EE-49C5-8B74-1BF9DBC9D21B}.Release|x86.ActiveCfg = Release|Any CPU
		{3AC4C50E-97EE-49C5-8B74-1BF9DBC9D21B}.Release|x86.Build.0 = Release|Any CPU
	EndGlobalSection
	GlobalSection(SolutionProperties) = preSolution
		HideSolutionNode = FALSE
	EndGlobalSection
	GlobalSection(NestedProjects) = preSolution
		{A434FDCA-372B-4587-BC71-4A0A9688E9D9} = {D71DDAC4-FA8F-461B-A986-F2C1916FE839}
		{B279245D-E0C8-4EB4-9DAA-BB0715C3FCC8} = {97CB5050-D82F-459E-BCA4-E20C84DA2716}
		{97CB5050-D82F-459E-BCA4-E20C84DA2716} = {CFA327A3-424F-4D21-B52E-6C6E3C7144ED}
		{30EF50F5-6827-4A3B-BBAC-640E8A88FA2C} = {97CB5050-D82F-459E-BCA4-E20C84DA2716}
		{822F8356-7090-41FB-8FD9-0DB8D480172A} = {D71DDAC4-FA8F-461B-A986-F2C1916FE839}
	EndGlobalSection
	GlobalSection(ExtensibilityGlobals) = postSolution
		SolutionGuid = {B9EA51B0-08B8-47A9-B5EF-ED44F1B21E1B}
	EndGlobalSection
EndGlobal
