
Microsoft Visual Studio Solution File, Format Version 12.00
# Visual Studio 14
VisualStudioVersion = 14.0.22609.0
MinimumVisualStudioVersion = 10.0.40219.1
Project("{FAE04EC0-301F-11D3-BF4B-00C04F79EFBC}") = "MiFareRT", "src\MiFareRT\MiFareRT.csproj", "{CB81E95C-C093-4DA7-A1E6-0E993F79352C}"
EndProject
Project("{2150E333-8FDC-42A3-9474-1A3956D46DE8}") = "Solution Items", "Solution Items", "{9EED52A0-0239-4D3D-961A-C7823743936D}"
	ProjectSection(SolutionItems) = preProject
		MiFare.nuspec = MiFare.nuspec
		MiFare.proj = MiFare.proj
		readme.md = readme.md
	EndProjectSection
EndProject
Project("{2150E333-8FDC-42A3-9474-1A3956D46DE8}") = "Samples", "Samples", "{CFA327A3-424F-4D21-B52E-6C6E3C7144ED}"
EndProject
Project("{FAE04EC0-301F-11D3-BF4B-00C04F79EFBC}") = "MiFareReader.Phone", "samples\PcScSdkSamplePhoneApp\MiFareReader.Phone.csproj", "{B651DB87-F096-4F97-A0C1-1AA293EFE435}"
EndProject
Project("{D954291E-2A0B-460D-934E-DC6B0785DB48}") = "MiFare.Shared", "src\MiFare.Shared\MiFare.Shared.shproj", "{7160BF6D-2939-4496-8BB2-BE2E729D3AF8}"
EndProject
Project("{FAE04EC0-301F-11D3-BF4B-00C04F79EFBC}") = "MiFare.Desktop", "src\MiFare.Desktop\MiFare.Desktop.csproj", "{6939008F-7403-484C-82B2-799ACAF3417C}"
EndProject
Project("{2150E333-8FDC-42A3-9474-1A3956D46DE8}") = "Tests", "Tests", "{D71DDAC4-FA8F-461B-A986-F2C1916FE839}"
EndProject
Project("{FAE04EC0-301F-11D3-BF4B-00C04F79EFBC}") = "MiFare.Desktop.Tests", "tests\MiFare.Desktop.Tests\MiFare.Desktop.Tests.csproj", "{A434FDCA-372B-4587-BC71-4A0A9688E9D9}"
EndProject
Project("{FAE04EC0-301F-11D3-BF4B-00C04F79EFBC}") = "MiFare.Tablet.Tests", "tests\MiFare.Tablet.Tests\MiFare.Tablet.Tests.csproj", "{234CDC3C-87F0-4008-98D4-2098A306BF16}"
EndProject
Project("{FAE04EC0-301F-11D3-BF4B-00C04F79EFBC}") = "MiFare.Tablet", "src\MiFare.Tablet\MiFare.Tablet.csproj", "{054EAE9C-23F5-47EE-ACD2-8A1D2CA33575}"
EndProject
Project("{D954291E-2A0B-460D-934E-DC6B0785DB48}") = "MiFare.Shared.Win32", "src\MiFare.Shared.Win32\MiFare.Shared.Win32.shproj", "{EF988CAF-8DC2-4B21-8825-49165152A3A6}"
EndProject
Project("{FAE04EC0-301F-11D3-BF4B-00C04F79EFBC}") = "MiFareReader.Tablet", "samples\MiFareReader.Tablet\MiFareReader.Tablet.csproj", "{2C8E3676-EB7A-47A3-B925-2C1B8DFD56B8}"
EndProject
Project("{FAE04EC0-301F-11D3-BF4B-00C04F79EFBC}") = "MiFareReader.Desktop", "samples\MiFareReader.Desktop\MiFareReader.Desktop.csproj", "{B279245D-E0C8-4EB4-9DAA-BB0715C3FCC8}"
EndProject
Project("{2150E333-8FDC-42A3-9474-1A3956D46DE8}") = "Reader", "Reader", "{97CB5050-D82F-459E-BCA4-E20C84DA2716}"
EndProject
Global
	GlobalSection(SharedMSBuildProjectFiles) = preSolution
		src\MiFare.Shared.Win32\MiFare.Shared.Win32.projitems*{054eae9c-23f5-47ee-acd2-8a1d2ca33575}*SharedItemsImports = 4
		src\MiFare.Shared\MiFare.Shared.projitems*{054eae9c-23f5-47ee-acd2-8a1d2ca33575}*SharedItemsImports = 4
		src\MiFare.Shared\MiFare.Shared.projitems*{7160bf6d-2939-4496-8bb2-be2e729d3af8}*SharedItemsImports = 13
		src\MiFare.Shared\MiFare.Shared.projitems*{cb81e95c-c093-4da7-a1e6-0e993f79352c}*SharedItemsImports = 4
		src\MiFare.Shared.Win32\MiFare.Shared.Win32.projitems*{ef988caf-8dc2-4b21-8825-49165152a3a6}*SharedItemsImports = 13
		src\MiFare.Shared.Win32\MiFare.Shared.Win32.projitems*{6939008f-7403-484c-82b2-799acaf3417c}*SharedItemsImports = 4
		src\MiFare.Shared\MiFare.Shared.projitems*{6939008f-7403-484c-82b2-799acaf3417c}*SharedItemsImports = 4
	EndGlobalSection
	GlobalSection(SolutionConfigurationPlatforms) = preSolution
		Debug|Any CPU = Debug|Any CPU
		Debug|ARM = Debug|ARM
		Debug|x64 = Debug|x64
		Debug|x86 = Debug|x86
		Release|Any CPU = Release|Any CPU
		Release|ARM = Release|ARM
		Release|x64 = Release|x64
		Release|x86 = Release|x86
	EndGlobalSection
	GlobalSection(ProjectConfigurationPlatforms) = postSolution
		{CB81E95C-C093-4DA7-A1E6-0E993F79352C}.Debug|Any CPU.ActiveCfg = Debug|Any CPU
		{CB81E95C-C093-4DA7-A1E6-0E993F79352C}.Debug|Any CPU.Build.0 = Debug|Any CPU
		{CB81E95C-C093-4DA7-A1E6-0E993F79352C}.Debug|ARM.ActiveCfg = Debug|ARM
		{CB81E95C-C093-4DA7-A1E6-0E993F79352C}.Debug|ARM.Build.0 = Debug|ARM
		{CB81E95C-C093-4DA7-A1E6-0E993F79352C}.Debug|x64.ActiveCfg = Debug|Any CPU
		{CB81E95C-C093-4DA7-A1E6-0E993F79352C}.Debug|x64.Build.0 = Debug|Any CPU
		{CB81E95C-C093-4DA7-A1E6-0E993F79352C}.Debug|x86.ActiveCfg = Debug|x86
		{CB81E95C-C093-4DA7-A1E6-0E993F79352C}.Debug|x86.Build.0 = Debug|x86
		{CB81E95C-C093-4DA7-A1E6-0E993F79352C}.Release|Any CPU.ActiveCfg = Release|Any CPU
		{CB81E95C-C093-4DA7-A1E6-0E993F79352C}.Release|Any CPU.Build.0 = Release|Any CPU
		{CB81E95C-C093-4DA7-A1E6-0E993F79352C}.Release|ARM.ActiveCfg = Release|ARM
		{CB81E95C-C093-4DA7-A1E6-0E993F79352C}.Release|ARM.Build.0 = Release|ARM
		{CB81E95C-C093-4DA7-A1E6-0E993F79352C}.Release|x64.ActiveCfg = Release|Any CPU
		{CB81E95C-C093-4DA7-A1E6-0E993F79352C}.Release|x64.Build.0 = Release|Any CPU
		{CB81E95C-C093-4DA7-A1E6-0E993F79352C}.Release|x86.ActiveCfg = Release|x86
		{CB81E95C-C093-4DA7-A1E6-0E993F79352C}.Release|x86.Build.0 = Release|x86
		{B651DB87-F096-4F97-A0C1-1AA293EFE435}.Debug|Any CPU.ActiveCfg = Debug|Any CPU
		{B651DB87-F096-4F97-A0C1-1AA293EFE435}.Debug|Any CPU.Build.0 = Debug|Any CPU
		{B651DB87-F096-4F97-A0C1-1AA293EFE435}.Debug|Any CPU.Deploy.0 = Debug|Any CPU
		{B651DB87-F096-4F97-A0C1-1AA293EFE435}.Debug|ARM.ActiveCfg = Debug|ARM
		{B651DB87-F096-4F97-A0C1-1AA293EFE435}.Debug|ARM.Build.0 = Debug|ARM
		{B651DB87-F096-4F97-A0C1-1AA293EFE435}.Debug|ARM.Deploy.0 = Debug|ARM
		{B651DB87-F096-4F97-A0C1-1AA293EFE435}.Debug|x64.ActiveCfg = Debug|Any CPU
		{B651DB87-F096-4F97-A0C1-1AA293EFE435}.Debug|x64.Build.0 = Debug|Any CPU
		{B651DB87-F096-4F97-A0C1-1AA293EFE435}.Debug|x64.Deploy.0 = Debug|Any CPU
		{B651DB87-F096-4F97-A0C1-1AA293EFE435}.Debug|x86.ActiveCfg = Debug|x86
		{B651DB87-F096-4F97-A0C1-1AA293EFE435}.Debug|x86.Build.0 = Debug|x86
		{B651DB87-F096-4F97-A0C1-1AA293EFE435}.Debug|x86.Deploy.0 = Debug|x86
		{B651DB87-F096-4F97-A0C1-1AA293EFE435}.Release|Any CPU.ActiveCfg = Release|Any CPU
		{B651DB87-F096-4F97-A0C1-1AA293EFE435}.Release|Any CPU.Build.0 = Release|Any CPU
		{B651DB87-F096-4F97-A0C1-1AA293EFE435}.Release|Any CPU.Deploy.0 = Release|Any CPU
		{B651DB87-F096-4F97-A0C1-1AA293EFE435}.Release|ARM.ActiveCfg = Release|ARM
		{B651DB87-F096-4F97-A0C1-1AA293EFE435}.Release|ARM.Build.0 = Release|ARM
		{B651DB87-F096-4F97-A0C1-1AA293EFE435}.Release|ARM.Deploy.0 = Release|ARM
		{B651DB87-F096-4F97-A0C1-1AA293EFE435}.Release|x64.ActiveCfg = Release|Any CPU
		{B651DB87-F096-4F97-A0C1-1AA293EFE435}.Release|x64.Build.0 = Release|Any CPU
		{B651DB87-F096-4F97-A0C1-1AA293EFE435}.Release|x64.Deploy.0 = Release|Any CPU
		{B651DB87-F096-4F97-A0C1-1AA293EFE435}.Release|x86.ActiveCfg = Release|x86
		{B651DB87-F096-4F97-A0C1-1AA293EFE435}.Release|x86.Build.0 = Release|x86
		{B651DB87-F096-4F97-A0C1-1AA293EFE435}.Release|x86.Deploy.0 = Release|x86
		{6939008F-7403-484C-82B2-799ACAF3417C}.Debug|Any CPU.ActiveCfg = Debug|Any CPU
		{6939008F-7403-484C-82B2-799ACAF3417C}.Debug|Any CPU.Build.0 = Debug|Any CPU
		{6939008F-7403-484C-82B2-799ACAF3417C}.Debug|ARM.ActiveCfg = Debug|Any CPU
		{6939008F-7403-484C-82B2-799ACAF3417C}.Debug|ARM.Build.0 = Debug|Any CPU
		{6939008F-7403-484C-82B2-799ACAF3417C}.Debug|x64.ActiveCfg = Debug|Any CPU
		{6939008F-7403-484C-82B2-799ACAF3417C}.Debug|x64.Build.0 = Debug|Any CPU
		{6939008F-7403-484C-82B2-799ACAF3417C}.Debug|x86.ActiveCfg = Debug|Any CPU
		{6939008F-7403-484C-82B2-799ACAF3417C}.Debug|x86.Build.0 = Debug|Any CPU
		{6939008F-7403-484C-82B2-799ACAF3417C}.Release|Any CPU.ActiveCfg = Release|Any CPU
		{6939008F-7403-484C-82B2-799ACAF3417C}.Release|Any CPU.Build.0 = Release|Any CPU
		{6939008F-7403-484C-82B2-799ACAF3417C}.Release|ARM.ActiveCfg = Release|Any CPU
		{6939008F-7403-484C-82B2-799ACAF3417C}.Release|ARM.Build.0 = Release|Any CPU
		{6939008F-7403-484C-82B2-799ACAF3417C}.Release|x64.ActiveCfg = Release|Any CPU
		{6939008F-7403-484C-82B2-799ACAF3417C}.Release|x64.Build.0 = Release|Any CPU
		{6939008F-7403-484C-82B2-799ACAF3417C}.Release|x86.ActiveCfg = Release|Any CPU
		{6939008F-7403-484C-82B2-799ACAF3417C}.Release|x86.Build.0 = Release|Any CPU
		{A434FDCA-372B-4587-BC71-4A0A9688E9D9}.Debug|Any CPU.ActiveCfg = Debug|Any CPU
		{A434FDCA-372B-4587-BC71-4A0A9688E9D9}.Debug|Any CPU.Build.0 = Debug|Any CPU
		{A434FDCA-372B-4587-BC71-4A0A9688E9D9}.Debug|ARM.ActiveCfg = Debug|Any CPU
		{A434FDCA-372B-4587-BC71-4A0A9688E9D9}.Debug|ARM.Build.0 = Debug|Any CPU
		{A434FDCA-372B-4587-BC71-4A0A9688E9D9}.Debug|x64.ActiveCfg = Debug|Any CPU
		{A434FDCA-372B-4587-BC71-4A0A9688E9D9}.Debug|x64.Build.0 = Debug|Any CPU
		{A434FDCA-372B-4587-BC71-4A0A9688E9D9}.Debug|x86.ActiveCfg = Debug|Any CPU
		{A434FDCA-372B-4587-BC71-4A0A9688E9D9}.Debug|x86.Build.0 = Debug|Any CPU
		{A434FDCA-372B-4587-BC71-4A0A9688E9D9}.Release|Any CPU.ActiveCfg = Release|Any CPU
		{A434FDCA-372B-4587-BC71-4A0A9688E9D9}.Release|Any CPU.Build.0 = Release|Any CPU
		{A434FDCA-372B-4587-BC71-4A0A9688E9D9}.Release|ARM.ActiveCfg = Release|Any CPU
		{A434FDCA-372B-4587-BC71-4A0A9688E9D9}.Release|ARM.Build.0 = Release|Any CPU
		{A434FDCA-372B-4587-BC71-4A0A9688E9D9}.Release|x64.ActiveCfg = Release|Any CPU
		{A434FDCA-372B-4587-BC71-4A0A9688E9D9}.Release|x64.Build.0 = Release|Any CPU
		{A434FDCA-372B-4587-BC71-4A0A9688E9D9}.Release|x86.ActiveCfg = Release|Any CPU
		{A434FDCA-372B-4587-BC71-4A0A9688E9D9}.Release|x86.Build.0 = Release|Any CPU
		{234CDC3C-87F0-4008-98D4-2098A306BF16}.Debug|Any CPU.ActiveCfg = Debug|Any CPU
		{234CDC3C-87F0-4008-98D4-2098A306BF16}.Debug|Any CPU.Build.0 = Debug|Any CPU
		{234CDC3C-87F0-4008-98D4-2098A306BF16}.Debug|Any CPU.Deploy.0 = Debug|Any CPU
		{234CDC3C-87F0-4008-98D4-2098A306BF16}.Debug|ARM.ActiveCfg = Debug|ARM
		{234CDC3C-87F0-4008-98D4-2098A306BF16}.Debug|ARM.Build.0 = Debug|ARM
		{234CDC3C-87F0-4008-98D4-2098A306BF16}.Debug|ARM.Deploy.0 = Debug|ARM
		{234CDC3C-87F0-4008-98D4-2098A306BF16}.Debug|x64.ActiveCfg = Debug|x64
		{234CDC3C-87F0-4008-98D4-2098A306BF16}.Debug|x64.Build.0 = Debug|x64
		{234CDC3C-87F0-4008-98D4-2098A306BF16}.Debug|x64.Deploy.0 = Debug|x64
		{234CDC3C-87F0-4008-98D4-2098A306BF16}.Debug|x86.ActiveCfg = Debug|x86
		{234CDC3C-87F0-4008-98D4-2098A306BF16}.Debug|x86.Build.0 = Debug|x86
		{234CDC3C-87F0-4008-98D4-2098A306BF16}.Debug|x86.Deploy.0 = Debug|x86
		{234CDC3C-87F0-4008-98D4-2098A306BF16}.Release|Any CPU.ActiveCfg = Release|Any CPU
		{234CDC3C-87F0-4008-98D4-2098A306BF16}.Release|Any CPU.Build.0 = Release|Any CPU
		{234CDC3C-87F0-4008-98D4-2098A306BF16}.Release|Any CPU.Deploy.0 = Release|Any CPU
		{234CDC3C-87F0-4008-98D4-2098A306BF16}.Release|ARM.ActiveCfg = Release|ARM
		{234CDC3C-87F0-4008-98D4-2098A306BF16}.Release|ARM.Build.0 = Release|ARM
		{234CDC3C-87F0-4008-98D4-2098A306BF16}.Release|ARM.Deploy.0 = Release|ARM
		{234CDC3C-87F0-4008-98D4-2098A306BF16}.Release|x64.ActiveCfg = Release|x64
		{234CDC3C-87F0-4008-98D4-2098A306BF16}.Release|x64.Build.0 = Release|x64
		{234CDC3C-87F0-4008-98D4-2098A306BF16}.Release|x64.Deploy.0 = Release|x64
		{234CDC3C-87F0-4008-98D4-2098A306BF16}.Release|x86.ActiveCfg = Release|x86
		{234CDC3C-87F0-4008-98D4-2098A306BF16}.Release|x86.Build.0 = Release|x86
		{234CDC3C-87F0-4008-98D4-2098A306BF16}.Release|x86.Deploy.0 = Release|x86
		{054EAE9C-23F5-47EE-ACD2-8A1D2CA33575}.Debug|Any CPU.ActiveCfg = Debug|Any CPU
		{054EAE9C-23F5-47EE-ACD2-8A1D2CA33575}.Debug|Any CPU.Build.0 = Debug|Any CPU
		{054EAE9C-23F5-47EE-ACD2-8A1D2CA33575}.Debug|ARM.ActiveCfg = Debug|ARM
		{054EAE9C-23F5-47EE-ACD2-8A1D2CA33575}.Debug|ARM.Build.0 = Debug|ARM
		{054EAE9C-23F5-47EE-ACD2-8A1D2CA33575}.Debug|x64.ActiveCfg = Debug|x64
		{054EAE9C-23F5-47EE-ACD2-8A1D2CA33575}.Debug|x64.Build.0 = Debug|x64
		{054EAE9C-23F5-47EE-ACD2-8A1D2CA33575}.Debug|x86.ActiveCfg = Debug|x86
		{054EAE9C-23F5-47EE-ACD2-8A1D2CA33575}.Debug|x86.Build.0 = Debug|x86
		{054EAE9C-23F5-47EE-ACD2-8A1D2CA33575}.Release|Any CPU.ActiveCfg = Release|Any CPU
		{054EAE9C-23F5-47EE-ACD2-8A1D2CA33575}.Release|Any CPU.Build.0 = Release|Any CPU
		{054EAE9C-23F5-47EE-ACD2-8A1D2CA33575}.Release|ARM.ActiveCfg = Release|ARM
		{054EAE9C-23F5-47EE-ACD2-8A1D2CA33575}.Release|ARM.Build.0 = Release|ARM
		{054EAE9C-23F5-47EE-ACD2-8A1D2CA33575}.Release|x64.ActiveCfg = Release|x64
		{054EAE9C-23F5-47EE-ACD2-8A1D2CA33575}.Release|x64.Build.0 = Release|x64
		{054EAE9C-23F5-47EE-ACD2-8A1D2CA33575}.Release|x86.ActiveCfg = Release|x86
		{054EAE9C-23F5-47EE-ACD2-8A1D2CA33575}.Release|x86.Build.0 = Release|x86
		{2C8E3676-EB7A-47A3-B925-2C1B8DFD56B8}.Debug|Any CPU.ActiveCfg = Debug|Any CPU
		{2C8E3676-EB7A-47A3-B925-2C1B8DFD56B8}.Debug|Any CPU.Build.0 = Debug|Any CPU
		{2C8E3676-EB7A-47A3-B925-2C1B8DFD56B8}.Debug|Any CPU.Deploy.0 = Debug|Any CPU
		{2C8E3676-EB7A-47A3-B925-2C1B8DFD56B8}.Debug|ARM.ActiveCfg = Debug|ARM
		{2C8E3676-EB7A-47A3-B925-2C1B8DFD56B8}.Debug|ARM.Build.0 = Debug|ARM
		{2C8E3676-EB7A-47A3-B925-2C1B8DFD56B8}.Debug|ARM.Deploy.0 = Debug|ARM
		{2C8E3676-EB7A-47A3-B925-2C1B8DFD56B8}.Debug|x64.ActiveCfg = Debug|x64
		{2C8E3676-EB7A-47A3-B925-2C1B8DFD56B8}.Debug|x64.Build.0 = Debug|x64
		{2C8E3676-EB7A-47A3-B925-2C1B8DFD56B8}.Debug|x64.Deploy.0 = Debug|x64
		{2C8E3676-EB7A-47A3-B925-2C1B8DFD56B8}.Debug|x86.ActiveCfg = Debug|x86
		{2C8E3676-EB7A-47A3-B925-2C1B8DFD56B8}.Debug|x86.Build.0 = Debug|x86
		{2C8E3676-EB7A-47A3-B925-2C1B8DFD56B8}.Debug|x86.Deploy.0 = Debug|x86
		{2C8E3676-EB7A-47A3-B925-2C1B8DFD56B8}.Release|Any CPU.ActiveCfg = Release|Any CPU
		{2C8E3676-EB7A-47A3-B925-2C1B8DFD56B8}.Release|Any CPU.Build.0 = Release|Any CPU
		{2C8E3676-EB7A-47A3-B925-2C1B8DFD56B8}.Release|Any CPU.Deploy.0 = Release|Any CPU
		{2C8E3676-EB7A-47A3-B925-2C1B8DFD56B8}.Release|ARM.ActiveCfg = Release|ARM
		{2C8E3676-EB7A-47A3-B925-2C1B8DFD56B8}.Release|ARM.Build.0 = Release|ARM
		{2C8E3676-EB7A-47A3-B925-2C1B8DFD56B8}.Release|ARM.Deploy.0 = Release|ARM
		{2C8E3676-EB7A-47A3-B925-2C1B8DFD56B8}.Release|x64.ActiveCfg = Release|x64
		{2C8E3676-EB7A-47A3-B925-2C1B8DFD56B8}.Release|x64.Build.0 = Release|x64
		{2C8E3676-EB7A-47A3-B925-2C1B8DFD56B8}.Release|x64.Deploy.0 = Release|x64
		{2C8E3676-EB7A-47A3-B925-2C1B8DFD56B8}.Release|x86.ActiveCfg = Release|x86
		{2C8E3676-EB7A-47A3-B925-2C1B8DFD56B8}.Release|x86.Build.0 = Release|x86
		{2C8E3676-EB7A-47A3-B925-2C1B8DFD56B8}.Release|x86.Deploy.0 = Release|x86
		{B279245D-E0C8-4EB4-9DAA-BB0715C3FCC8}.Debug|Any CPU.ActiveCfg = Debug|Any CPU
		{B279245D-E0C8-4EB4-9DAA-BB0715C3FCC8}.Debug|Any CPU.Build.0 = Debug|Any CPU
		{B279245D-E0C8-4EB4-9DAA-BB0715C3FCC8}.Debug|ARM.ActiveCfg = Debug|Any CPU
		{B279245D-E0C8-4EB4-9DAA-BB0715C3FCC8}.Debug|ARM.Build.0 = Debug|Any CPU
		{B279245D-E0C8-4EB4-9DAA-BB0715C3FCC8}.Debug|x64.ActiveCfg = Debug|Any CPU
		{B279245D-E0C8-4EB4-9DAA-BB0715C3FCC8}.Debug|x64.Build.0 = Debug|Any CPU
		{B279245D-E0C8-4EB4-9DAA-BB0715C3FCC8}.Debug|x86.ActiveCfg = Debug|Any CPU
		{B279245D-E0C8-4EB4-9DAA-BB0715C3FCC8}.Debug|x86.Build.0 = Debug|Any CPU
		{B279245D-E0C8-4EB4-9DAA-BB0715C3FCC8}.Release|Any CPU.ActiveCfg = Release|Any CPU
		{B279245D-E0C8-4EB4-9DAA-BB0715C3FCC8}.Release|Any CPU.Build.0 = Release|Any CPU
		{B279245D-E0C8-4EB4-9DAA-BB0715C3FCC8}.Release|ARM.ActiveCfg = Release|Any CPU
		{B279245D-E0C8-4EB4-9DAA-BB0715C3FCC8}.Release|ARM.Build.0 = Release|Any CPU
		{B279245D-E0C8-4EB4-9DAA-BB0715C3FCC8}.Release|x64.ActiveCfg = Release|Any CPU
		{B279245D-E0C8-4EB4-9DAA-BB0715C3FCC8}.Release|x64.Build.0 = Release|Any CPU
		{B279245D-E0C8-4EB4-9DAA-BB0715C3FCC8}.Release|x86.ActiveCfg = Release|Any CPU
		{B279245D-E0C8-4EB4-9DAA-BB0715C3FCC8}.Release|x86.Build.0 = Release|Any CPU
	EndGlobalSection
	GlobalSection(SolutionProperties) = preSolution
		HideSolutionNode = FALSE
	EndGlobalSection
	GlobalSection(NestedProjects) = preSolution
		{B651DB87-F096-4F97-A0C1-1AA293EFE435} = {97CB5050-D82F-459E-BCA4-E20C84DA2716}
		{A434FDCA-372B-4587-BC71-4A0A9688E9D9} = {D71DDAC4-FA8F-461B-A986-F2C1916FE839}
		{234CDC3C-87F0-4008-98D4-2098A306BF16} = {D71DDAC4-FA8F-461B-A986-F2C1916FE839}
		{2C8E3676-EB7A-47A3-B925-2C1B8DFD56B8} = {97CB5050-D82F-459E-BCA4-E20C84DA2716}
		{B279245D-E0C8-4EB4-9DAA-BB0715C3FCC8} = {97CB5050-D82F-459E-BCA4-E20C84DA2716}
		{97CB5050-D82F-459E-BCA4-E20C84DA2716} = {CFA327A3-424F-4D21-B52E-6C6E3C7144ED}
	EndGlobalSection
EndGlobal
