
Microsoft Visual Studio Solution File, Format Version 12.00
# Visual Studio 14
VisualStudioVersion = 14.0.22609.0
MinimumVisualStudioVersion = 10.0.40219.1
Project("{FAE04EC0-301F-11D3-BF4B-00C04F79EFBC}") = "MiFareRT", "src\MiFareRT\MiFareRT.csproj", "{CB81E95C-C093-4DA7-A1E6-0E993F79352C}"
EndProject
Project("{2150E333-8FDC-42A3-9474-1A3956D46DE8}") = "Samples", "Samples", "{CFA327A3-424F-4D21-B52E-6C6E3C7144ED}"
EndProject
Project("{2150E333-8FDC-42A3-9474-1A3956D46DE8}") = "Reader", "Reader", "{97CB5050-D82F-459E-BCA4-E20C84DA2716}"
EndProject
Project("{FAE04EC0-301F-11D3-BF4B-00C04F79EFBC}") = "MiFareReader.Phone", "samples\MiFareReader.Phone\MiFareReader.Phone.csproj", "{B651DB87-F096-4F97-A0C1-1AA293EFE435}"
EndProject
Project("{FAE04EC0-301F-11D3-BF4B-00C04F79EFBC}") = "MiFare", "src\MiFare\MiFare.csproj", "{BBFE6FCE-1299-49FF-AB68-CB18A05274CF}"
EndProject
Project("{D954291E-2A0B-460D-934E-DC6B0785DB48}") = "MiFare.Shared.UAP", "src\MiFare.Shared.UAP\MiFare.Shared.UAP.shproj", "{94B8B4E6-AB39-4EA8-BEF6-357204F5A37E}"
EndProject
Project("{FAE04EC0-301F-11D3-BF4B-00C04F79EFBC}") = "MiFareReader.UAP", "samples\MiFareReader.UAP\MiFareReader.UAP.csproj", "{2F7F7926-8862-4FEE-B522-FA4E76368133}"
EndProject
Global
	GlobalSection(SharedMSBuildProjectFiles) = preSolution
		src\MiFare.Shared.UAP\MiFare.Shared.UAP.projitems*{cb81e95c-c093-4da7-a1e6-0e993f79352c}*SharedItemsImports = 4
		src\MiFare.Shared.UAP\MiFare.Shared.UAP.projitems*{94b8b4e6-ab39-4ea8-bef6-357204f5a37e}*SharedItemsImports = 13
		src\MiFare.Shared.UAP\MiFare.Shared.UAP.projitems*{bbfe6fce-1299-49ff-ab68-cb18a05274cf}*SharedItemsImports = 4
	EndGlobalSection
	GlobalSection(SolutionConfigurationPlatforms) = preSolution
		Debug|Any CPU = Debug|Any CPU
		Debug|ARM = Debug|ARM
		Debug|x64 = Debug|x64
		Debug|x86 = Debug|x86
		Release|Any CPU = Release|Any CPU
		Release|ARM = Release|ARM
		Release|x64 = Release|x64
		Release|x86 = Release|x86
	EndGlobalSection
	GlobalSection(ProjectConfigurationPlatforms) = postSolution
		{CB81E95C-C093-4DA7-A1E6-0E993F79352C}.Debug|Any CPU.ActiveCfg = Debug|Any CPU
		{CB81E95C-C093-4DA7-A1E6-0E993F79352C}.Debug|Any CPU.Build.0 = Debug|Any CPU
		{CB81E95C-C093-4DA7-A1E6-0E993F79352C}.Debug|ARM.ActiveCfg = Debug|ARM
		{CB81E95C-C093-4DA7-A1E6-0E993F79352C}.Debug|ARM.Build.0 = Debug|ARM
		{CB81E95C-C093-4DA7-A1E6-0E993F79352C}.Debug|x64.ActiveCfg = Debug|Any CPU
		{CB81E95C-C093-4DA7-A1E6-0E993F79352C}.Debug|x64.Build.0 = Debug|Any CPU
		{CB81E95C-C093-4DA7-A1E6-0E993F79352C}.Debug|x86.ActiveCfg = Debug|x86
		{CB81E95C-C093-4DA7-A1E6-0E993F79352C}.Debug|x86.Build.0 = Debug|x86
		{CB81E95C-C093-4DA7-A1E6-0E993F79352C}.Release|Any CPU.ActiveCfg = Release|Any CPU
		{CB81E95C-C093-4DA7-A1E6-0E993F79352C}.Release|Any CPU.Build.0 = Release|Any CPU
		{CB81E95C-C093-4DA7-A1E6-0E993F79352C}.Release|ARM.ActiveCfg = Release|ARM
		{CB81E95C-C093-4DA7-A1E6-0E993F79352C}.Release|ARM.Build.0 = Release|ARM
		{CB81E95C-C093-4DA7-A1E6-0E993F79352C}.Release|x64.ActiveCfg = Release|Any CPU
		{CB81E95C-C093-4DA7-A1E6-0E993F79352C}.Release|x64.Build.0 = Release|Any CPU
		{CB81E95C-C093-4DA7-A1E6-0E993F79352C}.Release|x86.ActiveCfg = Release|x86
		{CB81E95C-C093-4DA7-A1E6-0E993F79352C}.Release|x86.Build.0 = Release|x86
		{B651DB87-F096-4F97-A0C1-1AA293EFE435}.Debug|Any CPU.ActiveCfg = Debug|Any CPU
		{B651DB87-F096-4F97-A0C1-1AA293EFE435}.Debug|Any CPU.Build.0 = Debug|Any CPU
		{B651DB87-F096-4F97-A0C1-1AA293EFE435}.Debug|Any CPU.Deploy.0 = Debug|Any CPU
		{B651DB87-F096-4F97-A0C1-1AA293EFE435}.Debug|ARM.ActiveCfg = Debug|ARM
		{B651DB87-F096-4F97-A0C1-1AA293EFE435}.Debug|ARM.Build.0 = Debug|ARM
		{B651DB87-F096-4F97-A0C1-1AA293EFE435}.Debug|ARM.Deploy.0 = Debug|ARM
		{B651DB87-F096-4F97-A0C1-1AA293EFE435}.Debug|x64.ActiveCfg = Debug|Any CPU
		{B651DB87-F096-4F97-A0C1-1AA293EFE435}.Debug|x64.Build.0 = Debug|Any CPU
		{B651DB87-F096-4F97-A0C1-1AA293EFE435}.Debug|x64.Deploy.0 = Debug|Any CPU
		{B651DB87-F096-4F97-A0C1-1AA293EFE435}.Debug|x86.ActiveCfg = Debug|x86
		{B651DB87-F096-4F97-A0C1-1AA293EFE435}.Debug|x86.Build.0 = Debug|x86
		{B651DB87-F096-4F97-A0C1-1AA293EFE435}.Debug|x86.Deploy.0 = Debug|x86
		{B651DB87-F096-4F97-A0C1-1AA293EFE435}.Release|Any CPU.ActiveCfg = Release|Any CPU
		{B651DB87-F096-4F97-A0C1-1AA293EFE435}.Release|Any CPU.Build.0 = Release|Any CPU
		{B651DB87-F096-4F97-A0C1-1AA293EFE435}.Release|Any CPU.Deploy.0 = Release|Any CPU
		{B651DB87-F096-4F97-A0C1-1AA293EFE435}.Release|ARM.ActiveCfg = Release|ARM
		{B651DB87-F096-4F97-A0C1-1AA293EFE435}.Release|ARM.Build.0 = Release|ARM
		{B651DB87-F096-4F97-A0C1-1AA293EFE435}.Release|ARM.Deploy.0 = Release|ARM
		{B651DB87-F096-4F97-A0C1-1AA293EFE435}.Release|x64.ActiveCfg = Release|Any CPU
		{B651DB87-F096-4F97-A0C1-1AA293EFE435}.Release|x64.Build.0 = Release|Any CPU
		{B651DB87-F096-4F97-A0C1-1AA293EFE435}.Release|x64.Deploy.0 = Release|Any CPU
		{B651DB87-F096-4F97-A0C1-1AA293EFE435}.Release|x86.ActiveCfg = Release|x86
		{B651DB87-F096-4F97-A0C1-1AA293EFE435}.Release|x86.Build.0 = Release|x86
		{B651DB87-F096-4F97-A0C1-1AA293EFE435}.Release|x86.Deploy.0 = Release|x86
		{BBFE6FCE-1299-49FF-AB68-CB18A05274CF}.Debug|Any CPU.ActiveCfg = Debug|Any CPU
		{BBFE6FCE-1299-49FF-AB68-CB18A05274CF}.Debug|Any CPU.Build.0 = Debug|Any CPU
		{BBFE6FCE-1299-49FF-AB68-CB18A05274CF}.Debug|ARM.ActiveCfg = Debug|ARM
		{BBFE6FCE-1299-49FF-AB68-CB18A05274CF}.Debug|ARM.Build.0 = Debug|ARM
		{BBFE6FCE-1299-49FF-AB68-CB18A05274CF}.Debug|x64.ActiveCfg = Debug|x64
		{BBFE6FCE-1299-49FF-AB68-CB18A05274CF}.Debug|x64.Build.0 = Debug|x64
		{BBFE6FCE-1299-49FF-AB68-CB18A05274CF}.Debug|x86.ActiveCfg = Debug|x86
		{BBFE6FCE-1299-49FF-AB68-CB18A05274CF}.Debug|x86.Build.0 = Debug|x86
		{BBFE6FCE-1299-49FF-AB68-CB18A05274CF}.Release|Any CPU.ActiveCfg = Release|Any CPU
		{BBFE6FCE-1299-49FF-AB68-CB18A05274CF}.Release|Any CPU.Build.0 = Release|Any CPU
		{BBFE6FCE-1299-49FF-AB68-CB18A05274CF}.Release|ARM.ActiveCfg = Release|ARM
		{BBFE6FCE-1299-49FF-AB68-CB18A05274CF}.Release|ARM.Build.0 = Release|ARM
		{BBFE6FCE-1299-49FF-AB68-CB18A05274CF}.Release|x64.ActiveCfg = Release|x64
		{BBFE6FCE-1299-49FF-AB68-CB18A05274CF}.Release|x64.Build.0 = Release|x64
		{BBFE6FCE-1299-49FF-AB68-CB18A05274CF}.Release|x86.ActiveCfg = Release|x86
		{BBFE6FCE-1299-49FF-AB68-CB18A05274CF}.Release|x86.Build.0 = Release|x86
		{2F7F7926-8862-4FEE-B522-FA4E76368133}.Debug|Any CPU.ActiveCfg = Debug|Any CPU
		{2F7F7926-8862-4FEE-B522-FA4E76368133}.Debug|Any CPU.Build.0 = Debug|Any CPU
		{2F7F7926-8862-4FEE-B522-FA4E76368133}.Debug|Any CPU.Deploy.0 = Debug|Any CPU
		{2F7F7926-8862-4FEE-B522-FA4E76368133}.Debug|ARM.ActiveCfg = Debug|ARM
		{2F7F7926-8862-4FEE-B522-FA4E76368133}.Debug|ARM.Build.0 = Debug|ARM
		{2F7F7926-8862-4FEE-B522-FA4E76368133}.Debug|ARM.Deploy.0 = Debug|ARM
		{2F7F7926-8862-4FEE-B522-FA4E76368133}.Debug|x64.ActiveCfg = Debug|x64
		{2F7F7926-8862-4FEE-B522-FA4E76368133}.Debug|x64.Build.0 = Debug|x64
		{2F7F7926-8862-4FEE-B522-FA4E76368133}.Debug|x64.Deploy.0 = Debug|x64
		{2F7F7926-8862-4FEE-B522-FA4E76368133}.Debug|x86.ActiveCfg = Debug|x86
		{2F7F7926-8862-4FEE-B522-FA4E76368133}.Debug|x86.Build.0 = Debug|x86
		{2F7F7926-8862-4FEE-B522-FA4E76368133}.Debug|x86.Deploy.0 = Debug|x86
		{2F7F7926-8862-4FEE-B522-FA4E76368133}.Release|Any CPU.ActiveCfg = Release|Any CPU
		{2F7F7926-8862-4FEE-B522-FA4E76368133}.Release|Any CPU.Build.0 = Release|Any CPU
		{2F7F7926-8862-4FEE-B522-FA4E76368133}.Release|Any CPU.Deploy.0 = Release|Any CPU
		{2F7F7926-8862-4FEE-B522-FA4E76368133}.Release|ARM.ActiveCfg = Release|ARM
		{2F7F7926-8862-4FEE-B522-FA4E76368133}.Release|ARM.Build.0 = Release|ARM
		{2F7F7926-8862-4FEE-B522-FA4E76368133}.Release|ARM.Deploy.0 = Release|ARM
		{2F7F7926-8862-4FEE-B522-FA4E76368133}.Release|x64.ActiveCfg = Release|x64
		{2F7F7926-8862-4FEE-B522-FA4E76368133}.Release|x64.Build.0 = Release|x64
		{2F7F7926-8862-4FEE-B522-FA4E76368133}.Release|x64.Deploy.0 = Release|x64
		{2F7F7926-8862-4FEE-B522-FA4E76368133}.Release|x86.ActiveCfg = Release|x86
		{2F7F7926-8862-4FEE-B522-FA4E76368133}.Release|x86.Build.0 = Release|x86
		{2F7F7926-8862-4FEE-B522-FA4E76368133}.Release|x86.Deploy.0 = Release|x86
	EndGlobalSection
	GlobalSection(SolutionProperties) = preSolution
		HideSolutionNode = FALSE
	EndGlobalSection
	GlobalSection(NestedProjects) = preSolution
		{97CB5050-D82F-459E-BCA4-E20C84DA2716} = {CFA327A3-424F-4D21-B52E-6C6E3C7144ED}
		{B651DB87-F096-4F97-A0C1-1AA293EFE435} = {97CB5050-D82F-459E-BCA4-E20C84DA2716}
		{2F7F7926-8862-4FEE-B522-FA4E76368133} = {97CB5050-D82F-459E-BCA4-E20C84DA2716}
	EndGlobalSection
EndGlobal
